
Microsoft Visual Studio Solution File, Format Version 12.00
# Visual Studio Version 17
VisualStudioVersion = 17.11.35312.102
MinimumVisualStudioVersion = 10.0.40219.1
Project("{888888A0-9F3D-457C-B088-3A5042F75D52}") = "Lab2_2", "Lab2_2.pyproj", "{6BFCB4B5-4DF1-4A99-A382-3A3F4253B7FD}"
EndProject
Global
	GlobalSection(SolutionConfigurationPlatforms) = preSolution
		Debug|Any CPU = Debug|Any CPU
		Release|Any CPU = Release|Any CPU
	EndGlobalSection
	GlobalSection(ProjectConfigurationPlatforms) = postSolution
		{6BFCB4B5-4DF1-4A99-A382-3A3F4253B7FD}.Debug|Any CPU.ActiveCfg = Debug|Any CPU
		{6BFCB4B5-4DF1-4A99-A382-3A3F4253B7FD}.Release|Any CPU.ActiveCfg = Release|Any CPU
	EndGlobalSection
	GlobalSection(SolutionProperties) = preSolution
		HideSolutionNode = FALSE
	EndGlobalSection
	GlobalSection(ExtensibilityGlobals) = postSolution
		SolutionGuid = {84A8BC80-7EE4-46B8-BEBE-A540F95AA2F1}
	EndGlobalSection
EndGlobal
